
Microsoft Visual Studio Solution File, Format Version 12.00
# Visual Studio 15
VisualStudioVersion = 15.0.28307.779
MinimumVisualStudioVersion = 10.0.40219.1
Project("{FAE04EC0-301F-11D3-BF4B-00C04F79EFBC}") = "Homework_Countries", "Homework_Countries\Homework_Countries.csproj", "{D4FC205E-586B-431B-9A7C-466FE90969E8}"
EndProject
Global
	GlobalSection(SolutionConfigurationPlatforms) = preSolution
		Debug|Any CPU = Debug|Any CPU
		Release|Any CPU = Release|Any CPU
	EndGlobalSection
	GlobalSection(ProjectConfigurationPlatforms) = postSolution
		{D4FC205E-586B-431B-9A7C-466FE90969E8}.Debug|Any CPU.ActiveCfg = Debug|Any CPU
		{D4FC205E-586B-431B-9A7C-466FE90969E8}.Debug|Any CPU.Build.0 = Debug|Any CPU
		{D4FC205E-586B-431B-9A7C-466FE90969E8}.Release|Any CPU.ActiveCfg = Release|Any CPU
		{D4FC205E-586B-431B-9A7C-466FE90969E8}.Release|Any CPU.Build.0 = Release|Any CPU
	EndGlobalSection
	GlobalSection(SolutionProperties) = preSolution
		HideSolutionNode = FALSE
	EndGlobalSection
	GlobalSection(ExtensibilityGlobals) = postSolution
		SolutionGuid = {B3F170B1-4150-4E00-9A53-AF9FA04ED7EC}
	EndGlobalSection
EndGlobal
